// !$*UTF8*$!
{
	archiveVersion = 1;
	classes = {
	};
	objectVersion = 55;
	objects = {

/* Begin PBXBuildFile section */
		0356010B28ED40A700C61F0A /* main.swift in Sources */ = {isa = PBXBuildFile; fileRef = 03BB7FE228E6A10600F9FF46 /* main.swift */; };
/* End PBXBuildFile section */

/* Begin PBXCopyFilesBuildPhase section */
		03D7F5E728D55730000A2B4A /* CopyFiles */ = {
			isa = PBXCopyFilesBuildPhase;
			buildActionMask = 2147483647;
			dstPath = /usr/share/man/man1/;
			dstSubfolderSpec = 0;
			files = (
			);
			runOnlyForDeploymentPostprocessing = 1;
		};
/* End PBXCopyFilesBuildPhase section */

/* Begin PBXFileReference section */
		0315B42C28F5D19F001F1292 /* 4999.swift */ = {isa = PBXFileReference; lastKnownFileType = sourcecode.swift; path = 4999.swift; sourceTree = "<group>"; };
		031E58C028D968840072E066 /* 2839.swift */ = {isa = PBXFileReference; lastKnownFileType = sourcecode.swift; path = 2839.swift; sourceTree = "<group>"; };
		031E58C228D96BDF0072E066 /* 11047.swift */ = {isa = PBXFileReference; lastKnownFileType = sourcecode.swift; path = 11047.swift; sourceTree = "<group>"; };
		031E58C828D972760072E066 /* 5585.swift */ = {isa = PBXFileReference; lastKnownFileType = sourcecode.swift; path = 5585.swift; sourceTree = "<group>"; };
		03473D7128F98C180085C68B /* 1476.swift */ = {isa = PBXFileReference; lastKnownFileType = sourcecode.swift; path = 1476.swift; sourceTree = "<group>"; };
		03473D7228F995310085C68B /* 1343.swift */ = {isa = PBXFileReference; lastKnownFileType = sourcecode.swift; path = 1343.swift; sourceTree = "<group>"; };
		03473D7328F99C6A0085C68B /* 2161.swift */ = {isa = PBXFileReference; lastKnownFileType = sourcecode.swift; path = 2161.swift; sourceTree = "<group>"; };
		034F18B528FBB884002C41EA /* 2740.swift */ = {isa = PBXFileReference; lastKnownFileType = sourcecode.swift; path = 2740.swift; sourceTree = "<group>"; };
		0356010A28ED409C00C61F0A /* 11866.swift */ = {isa = PBXFileReference; lastKnownFileType = sourcecode.swift; path = 11866.swift; sourceTree = "<group>"; };
		0356010C28ED47BB00C61F0A /* 10845.swift */ = {isa = PBXFileReference; lastKnownFileType = sourcecode.swift; path = 10845.swift; sourceTree = "<group>"; };
		0356010D28ED49FC00C61F0A /* 10828.swift */ = {isa = PBXFileReference; lastKnownFileType = sourcecode.swift; path = 10828.swift; sourceTree = "<group>"; };
		0356010E28ED4DB200C61F0A /* 10866.swift */ = {isa = PBXFileReference; lastKnownFileType = sourcecode.swift; path = 10866.swift; sourceTree = "<group>"; };
		0356010F28ED5AD600C61F0A /* 10816.swift */ = {isa = PBXFileReference; lastKnownFileType = sourcecode.swift; path = 10816.swift; sourceTree = "<group>"; };
		0356011028ED646C00C61F0A /* 2164.swift */ = {isa = PBXFileReference; lastKnownFileType = sourcecode.swift; path = 2164.swift; sourceTree = "<group>"; };
		0356011128ED675E00C61F0A /* 1920.swift */ = {isa = PBXFileReference; lastKnownFileType = sourcecode.swift; path = 1920.swift; sourceTree = "<group>"; };
		035D6B4028F70851001A9CBA /* 2558.swift */ = {isa = PBXFileReference; lastKnownFileType = sourcecode.swift; path = 2558.swift; sourceTree = "<group>"; };
		035D6B4128F708FA001A9CBA /* 8370.swift */ = {isa = PBXFileReference; lastKnownFileType = sourcecode.swift; path = 8370.swift; sourceTree = "<group>"; };
		035D6B4328F713F1001A9CBA /* 1251.swift */ = {isa = PBXFileReference; lastKnownFileType = sourcecode.swift; path = 1251.swift; sourceTree = "<group>"; };
		035D6B4528F7166E001A9CBA /* 1427.swift */ = {isa = PBXFileReference; lastKnownFileType = sourcecode.swift; path = 1427.swift; sourceTree = "<group>"; };
		036C2F5D28D74712003ED9A4 /* 1157.swift */ = {isa = PBXFileReference; lastKnownFileType = sourcecode.swift; path = 1157.swift; sourceTree = "<group>"; };
		036C2F5F28D7E74E003ED9A4 /* 1330.swift */ = {isa = PBXFileReference; lastKnownFileType = sourcecode.swift; path = 1330.swift; sourceTree = "<group>"; };
		036C2F6128D7E94A003ED9A4 /* 1546.swift */ = {isa = PBXFileReference; lastKnownFileType = sourcecode.swift; path = 1546.swift; sourceTree = "<group>"; };
		036C2F6628D7F2BE003ED9A4 /* 2438.swift */ = {isa = PBXFileReference; lastKnownFileType = sourcecode.swift; path = 2438.swift; sourceTree = "<group>"; };
		0382DF4328F1076500ACE02D /* 9012.swift */ = {isa = PBXFileReference; lastKnownFileType = sourcecode.swift; path = 9012.swift; sourceTree = "<group>"; };
		038B858A28EBB619004D1D93 /* 1259.swift */ = {isa = PBXFileReference; lastKnownFileType = sourcecode.swift; path = 1259.swift; sourceTree = "<group>"; };
		038B858D28EBCEAE004D1D93 /* 2798.swift */ = {isa = PBXFileReference; lastKnownFileType = sourcecode.swift; path = 2798.swift; sourceTree = "<group>"; };
		03BB7FDE28E6873000F9FF46 /* 11501.swift */ = {isa = PBXFileReference; lastKnownFileType = sourcecode.swift; path = 11501.swift; sourceTree = "<group>"; };
		03BB7FE028E689D700F9FF46 /* 1052.swift */ = {isa = PBXFileReference; lastKnownFileType = sourcecode.swift; path = 1052.swift; sourceTree = "<group>"; };
		03BB7FE228E6A10600F9FF46 /* main.swift */ = {isa = PBXFileReference; lastKnownFileType = sourcecode.swift; path = main.swift; sourceTree = "<group>"; };
		03C1C90528E1C74A0035E121 /* 4796.swift */ = {isa = PBXFileReference; lastKnownFileType = sourcecode.swift; path = 4796.swift; sourceTree = "<group>"; };
		03D7F5E928D55730000A2B4A /* algorithm-study */ = {isa = PBXFileReference; explicitFileType = "compiled.mach-o.executable"; includeInIndex = 0; path = "algorithm-study"; sourceTree = BUILT_PRODUCTS_DIR; };
		03D7F5EC28D55730000A2B4A /* 1000.swift */ = {isa = PBXFileReference; lastKnownFileType = sourcecode.swift; path = 1000.swift; sourceTree = "<group>"; };
		03D7F5F328D557A4000A2B4A /* 1001.swift */ = {isa = PBXFileReference; lastKnownFileType = sourcecode.swift; path = 1001.swift; sourceTree = "<group>"; };
		03D7F5F528D557D1000A2B4A /* 1008.swift */ = {isa = PBXFileReference; lastKnownFileType = sourcecode.swift; path = 1008.swift; sourceTree = "<group>"; };
		03D7F5F828D55928000A2B4A /* 1152.swift */ = {isa = PBXFileReference; lastKnownFileType = sourcecode.swift; path = 1152.swift; sourceTree = "<group>"; };
		03D9605728EFC83A00FF50AE /* 17952.swift */ = {isa = PBXFileReference; lastKnownFileType = sourcecode.swift; path = 17952.swift; sourceTree = "<group>"; };
		03D9605A28EFCAC200FF50AE /* 10995.swift */ = {isa = PBXFileReference; lastKnownFileType = sourcecode.swift; path = 10995.swift; sourceTree = "<group>"; };
		03F68AA228DB1ABE008217F4 /* 2839_2.swift */ = {isa = PBXFileReference; lastKnownFileType = sourcecode.swift; path = 2839_2.swift; sourceTree = "<group>"; };
		03F68AA428DB1F38008217F4 /* 1931.swift */ = {isa = PBXFileReference; lastKnownFileType = sourcecode.swift; path = 1931.swift; sourceTree = "<group>"; };
		03F893F828F5D5E700380148 /* 3003.swift */ = {isa = PBXFileReference; lastKnownFileType = sourcecode.swift; path = 3003.swift; sourceTree = "<group>"; };
		03FC9FEE28FD0AC600177A5A /* 2822.swift */ = {isa = PBXFileReference; lastKnownFileType = sourcecode.swift; path = 2822.swift; sourceTree = "<group>"; };
		03FC9FEF28FD0E2C00177A5A /* 3049.swift */ = {isa = PBXFileReference; lastKnownFileType = sourcecode.swift; path = 3049.swift; sourceTree = "<group>"; };
		03FC9FF028FD130300177A5A /* 2535F.swift */ = {isa = PBXFileReference; lastKnownFileType = sourcecode.swift; path = 2535F.swift; sourceTree = "<group>"; };
/* End PBXFileReference section */

/* Begin PBXFrameworksBuildPhase section */
		03D7F5E628D55730000A2B4A /* Frameworks */ = {
			isa = PBXFrameworksBuildPhase;
			buildActionMask = 2147483647;
			files = (
			);
			runOnlyForDeploymentPostprocessing = 0;
		};
/* End PBXFrameworksBuildPhase section */

/* Begin PBXGroup section */
		0315B42B28F5D18D001F1292 /* Bronze */ = {
			isa = PBXGroup;
			children = (
				0315B42C28F5D19F001F1292 /* 4999.swift */,
				03F893F828F5D5E700380148 /* 3003.swift */,
				035D6B4028F70851001A9CBA /* 2558.swift */,
				035D6B4128F708FA001A9CBA /* 8370.swift */,
			);
			path = Bronze;
			sourceTree = "<group>";
		};
		031E58BF28D968680072E066 /* Class2++ */ = {
			isa = PBXGroup;
			children = (
				031E58C028D968840072E066 /* 2839.swift */,
			);
			path = "Class2++";
			sourceTree = "<group>";
		};
		031E58C628D96E200072E066 /* Class3++ */ = {
			isa = PBXGroup;
			children = (
				031E58C228D96BDF0072E066 /* 11047.swift */,
			);
			path = "Class3++";
			sourceTree = "<group>";
		};
		031E58CA28D9735B0072E066 /* Greedy */ = {
			isa = PBXGroup;
			children = (
				031E58C828D972760072E066 /* 5585.swift */,
				03F68AA228DB1ABE008217F4 /* 2839_2.swift */,
				03F68AA428DB1F38008217F4 /* 1931.swift */,
				03C1C90528E1C74A0035E121 /* 4796.swift */,
				03BB7FDE28E6873000F9FF46 /* 11501.swift */,
				03BB7FE028E689D700F9FF46 /* 1052.swift */,
			);
			path = Greedy;
			sourceTree = "<group>";
		};
		035D6B4228F713E8001A9CBA /* Silver */ = {
			isa = PBXGroup;
			children = (
				035D6B4328F713F1001A9CBA /* 1251.swift */,
				035D6B4528F7166E001A9CBA /* 1427.swift */,
				03473D7128F98C180085C68B /* 1476.swift */,
				03473D7228F995310085C68B /* 1343.swift */,
				03473D7328F99C6A0085C68B /* 2161.swift */,
				034F18B528FBB884002C41EA /* 2740.swift */,
				03FC9FEE28FD0AC600177A5A /* 2822.swift */,
				03FC9FEF28FD0E2C00177A5A /* 3049.swift */,
				03FC9FF028FD130300177A5A /* 2535F.swift */,
			);
			path = Silver;
			sourceTree = "<group>";
		};
		036C2F8328D82440003ED9A4 /* Class1++ */ = {
			isa = PBXGroup;
			children = (
				03D7F5EC28D55730000A2B4A /* 1000.swift */,
				03D7F5F328D557A4000A2B4A /* 1001.swift */,
				03D7F5F528D557D1000A2B4A /* 1008.swift */,
				03D7F5F828D55928000A2B4A /* 1152.swift */,
				036C2F5D28D74712003ED9A4 /* 1157.swift */,
				036C2F5F28D7E74E003ED9A4 /* 1330.swift */,
				036C2F6128D7E94A003ED9A4 /* 1546.swift */,
				036C2F6628D7F2BE003ED9A4 /* 2438.swift */,
			);
			path = "Class1++";
			sourceTree = "<group>";
		};
		038B858728EBADBA004D1D93 /* Class2+ */ = {
			isa = PBXGroup;
			children = (
				038B858A28EBB619004D1D93 /* 1259.swift */,
				038B858D28EBCEAE004D1D93 /* 2798.swift */,
				0356010A28ED409C00C61F0A /* 11866.swift */,
				0356010C28ED47BB00C61F0A /* 10845.swift */,
				0356010D28ED49FC00C61F0A /* 10828.swift */,
				0356010E28ED4DB200C61F0A /* 10866.swift */,
				0356010F28ED5AD600C61F0A /* 10816.swift */,
				0356011028ED646C00C61F0A /* 2164.swift */,
				0356011128ED675E00C61F0A /* 1920.swift */,
				0382DF4328F1076500ACE02D /* 9012.swift */,
			);
			path = "Class2+";
			sourceTree = "<group>";
		};
		03D7F5E028D55730000A2B4A = {
			isa = PBXGroup;
			children = (
				03D7F5EB28D55730000A2B4A /* BOJ */,
				03D7F5EA28D55730000A2B4A /* Products */,
			);
			sourceTree = "<group>";
		};
		03D7F5EA28D55730000A2B4A /* Products */ = {
			isa = PBXGroup;
			children = (
				03D7F5E928D55730000A2B4A /* algorithm-study */,
			);
			name = Products;
			sourceTree = "<group>";
		};
		03D7F5EB28D55730000A2B4A /* BOJ */ = {
			isa = PBXGroup;
			children = (
				03BB7FE228E6A10600F9FF46 /* main.swift */,
				035D6B4228F713E8001A9CBA /* Silver */,
				0315B42B28F5D18D001F1292 /* Bronze */,
				03D9605628EFC82600FF50AE /* 221007_study */,
				038B858728EBADBA004D1D93 /* Class2+ */,
				031E58CA28D9735B0072E066 /* Greedy */,
				031E58C628D96E200072E066 /* Class3++ */,
				031E58BF28D968680072E066 /* Class2++ */,
				036C2F8328D82440003ED9A4 /* Class1++ */,
			);
			path = BOJ;
			sourceTree = "<group>";
		};
		03D9605628EFC82600FF50AE /* 221007_study */ = {
			isa = PBXGroup;
			children = (
				03D9605728EFC83A00FF50AE /* 17952.swift */,
				03D9605A28EFCAC200FF50AE /* 10995.swift */,
			);
			path = 221007_study;
			sourceTree = "<group>";
		};
/* End PBXGroup section */

/* Begin PBXNativeTarget section */
		03D7F5E828D55730000A2B4A /* algorithm-study */ = {
			isa = PBXNativeTarget;
			buildConfigurationList = 03D7F5F028D55730000A2B4A /* Build configuration list for PBXNativeTarget "algorithm-study" */;
			buildPhases = (
				03D7F5E528D55730000A2B4A /* Sources */,
				03D7F5E628D55730000A2B4A /* Frameworks */,
				03D7F5E728D55730000A2B4A /* CopyFiles */,
			);
			buildRules = (
			);
			dependencies = (
			);
			name = "algorithm-study";
			productName = "algorithm-study";
			productReference = 03D7F5E928D55730000A2B4A /* algorithm-study */;
			productType = "com.apple.product-type.tool";
		};
/* End PBXNativeTarget section */

/* Begin PBXProject section */
		03D7F5E128D55730000A2B4A /* Project object */ = {
			isa = PBXProject;
			attributes = {
				BuildIndependentTargetsInParallel = 1;
				LastSwiftUpdateCheck = 1310;
				LastUpgradeCheck = 1310;
				TargetAttributes = {
					03D7F5E828D55730000A2B4A = {
						CreatedOnToolsVersion = 13.1;
						LastSwiftMigration = 1310;
					};
				};
			};
			buildConfigurationList = 03D7F5E428D55730000A2B4A /* Build configuration list for PBXProject "algorithm-study" */;
			compatibilityVersion = "Xcode 13.0";
			developmentRegion = en;
			hasScannedForEncodings = 0;
			knownRegions = (
				en,
				Base,
			);
			mainGroup = 03D7F5E028D55730000A2B4A;
			productRefGroup = 03D7F5EA28D55730000A2B4A /* Products */;
			projectDirPath = "";
			projectRoot = "";
			targets = (
				03D7F5E828D55730000A2B4A /* algorithm-study */,
			);
		};
/* End PBXProject section */

/* Begin PBXSourcesBuildPhase section */
		03D7F5E528D55730000A2B4A /* Sources */ = {
			isa = PBXSourcesBuildPhase;
			buildActionMask = 2147483647;
			files = (
				0356010B28ED40A700C61F0A /* main.swift in Sources */,
			);
			runOnlyForDeploymentPostprocessing = 0;
		};
/* End PBXSourcesBuildPhase section */

/* Begin XCBuildConfiguration section */
		03D7F5EE28D55730000A2B4A /* Debug */ = {
			isa = XCBuildConfiguration;
			buildSettings = {
				ALWAYS_SEARCH_USER_PATHS = NO;
				CLANG_ANALYZER_NONNULL = YES;
				CLANG_ANALYZER_NUMBER_OBJECT_CONVERSION = YES_AGGRESSIVE;
				CLANG_CXX_LANGUAGE_STANDARD = "gnu++17";
				CLANG_CXX_LIBRARY = "libc++";
				CLANG_ENABLE_MODULES = YES;
				CLANG_ENABLE_OBJC_ARC = YES;
				CLANG_ENABLE_OBJC_WEAK = YES;
				CLANG_WARN_BLOCK_CAPTURE_AUTORELEASING = YES;
				CLANG_WARN_BOOL_CONVERSION = YES;
				CLANG_WARN_COMMA = YES;
				CLANG_WARN_CONSTANT_CONVERSION = YES;
				CLANG_WARN_DEPRECATED_OBJC_IMPLEMENTATIONS = YES;
				CLANG_WARN_DIRECT_OBJC_ISA_USAGE = YES_ERROR;
				CLANG_WARN_DOCUMENTATION_COMMENTS = YES;
				CLANG_WARN_EMPTY_BODY = YES;
				CLANG_WARN_ENUM_CONVERSION = YES;
				CLANG_WARN_INFINITE_RECURSION = YES;
				CLANG_WARN_INT_CONVERSION = YES;
				CLANG_WARN_NON_LITERAL_NULL_CONVERSION = YES;
				CLANG_WARN_OBJC_IMPLICIT_RETAIN_SELF = YES;
				CLANG_WARN_OBJC_LITERAL_CONVERSION = YES;
				CLANG_WARN_OBJC_ROOT_CLASS = YES_ERROR;
				CLANG_WARN_QUOTED_INCLUDE_IN_FRAMEWORK_HEADER = YES;
				CLANG_WARN_RANGE_LOOP_ANALYSIS = YES;
				CLANG_WARN_STRICT_PROTOTYPES = YES;
				CLANG_WARN_SUSPICIOUS_MOVE = YES;
				CLANG_WARN_UNGUARDED_AVAILABILITY = YES_AGGRESSIVE;
				CLANG_WARN_UNREACHABLE_CODE = YES;
				CLANG_WARN__DUPLICATE_METHOD_MATCH = YES;
				COPY_PHASE_STRIP = NO;
				DEBUG_INFORMATION_FORMAT = dwarf;
				ENABLE_STRICT_OBJC_MSGSEND = YES;
				ENABLE_TESTABILITY = YES;
				GCC_C_LANGUAGE_STANDARD = gnu11;
				GCC_DYNAMIC_NO_PIC = NO;
				GCC_NO_COMMON_BLOCKS = YES;
				GCC_OPTIMIZATION_LEVEL = 0;
				GCC_PREPROCESSOR_DEFINITIONS = (
					"DEBUG=1",
					"$(inherited)",
				);
				GCC_WARN_64_TO_32_BIT_CONVERSION = YES;
				GCC_WARN_ABOUT_RETURN_TYPE = YES_ERROR;
				GCC_WARN_UNDECLARED_SELECTOR = YES;
				GCC_WARN_UNINITIALIZED_AUTOS = YES_AGGRESSIVE;
				GCC_WARN_UNUSED_FUNCTION = YES;
				GCC_WARN_UNUSED_VARIABLE = YES;
				MACOSX_DEPLOYMENT_TARGET = 12.0;
				MTL_ENABLE_DEBUG_INFO = INCLUDE_SOURCE;
				MTL_FAST_MATH = YES;
				ONLY_ACTIVE_ARCH = YES;
				SDKROOT = macosx;
				SWIFT_ACTIVE_COMPILATION_CONDITIONS = DEBUG;
				SWIFT_OPTIMIZATION_LEVEL = "-Onone";
			};
			name = Debug;
		};
		03D7F5EF28D55730000A2B4A /* Release */ = {
			isa = XCBuildConfiguration;
			buildSettings = {
				ALWAYS_SEARCH_USER_PATHS = NO;
				CLANG_ANALYZER_NONNULL = YES;
				CLANG_ANALYZER_NUMBER_OBJECT_CONVERSION = YES_AGGRESSIVE;
				CLANG_CXX_LANGUAGE_STANDARD = "gnu++17";
				CLANG_CXX_LIBRARY = "libc++";
				CLANG_ENABLE_MODULES = YES;
				CLANG_ENABLE_OBJC_ARC = YES;
				CLANG_ENABLE_OBJC_WEAK = YES;
				CLANG_WARN_BLOCK_CAPTURE_AUTORELEASING = YES;
				CLANG_WARN_BOOL_CONVERSION = YES;
				CLANG_WARN_COMMA = YES;
				CLANG_WARN_CONSTANT_CONVERSION = YES;
				CLANG_WARN_DEPRECATED_OBJC_IMPLEMENTATIONS = YES;
				CLANG_WARN_DIRECT_OBJC_ISA_USAGE = YES_ERROR;
				CLANG_WARN_DOCUMENTATION_COMMENTS = YES;
				CLANG_WARN_EMPTY_BODY = YES;
				CLANG_WARN_ENUM_CONVERSION = YES;
				CLANG_WARN_INFINITE_RECURSION = YES;
				CLANG_WARN_INT_CONVERSION = YES;
				CLANG_WARN_NON_LITERAL_NULL_CONVERSION = YES;
				CLANG_WARN_OBJC_IMPLICIT_RETAIN_SELF = YES;
				CLANG_WARN_OBJC_LITERAL_CONVERSION = YES;
				CLANG_WARN_OBJC_ROOT_CLASS = YES_ERROR;
				CLANG_WARN_QUOTED_INCLUDE_IN_FRAMEWORK_HEADER = YES;
				CLANG_WARN_RANGE_LOOP_ANALYSIS = YES;
				CLANG_WARN_STRICT_PROTOTYPES = YES;
				CLANG_WARN_SUSPICIOUS_MOVE = YES;
				CLANG_WARN_UNGUARDED_AVAILABILITY = YES_AGGRESSIVE;
				CLANG_WARN_UNREACHABLE_CODE = YES;
				CLANG_WARN__DUPLICATE_METHOD_MATCH = YES;
				COPY_PHASE_STRIP = NO;
				DEBUG_INFORMATION_FORMAT = "dwarf-with-dsym";
				ENABLE_NS_ASSERTIONS = NO;
				ENABLE_STRICT_OBJC_MSGSEND = YES;
				GCC_C_LANGUAGE_STANDARD = gnu11;
				GCC_NO_COMMON_BLOCKS = YES;
				GCC_WARN_64_TO_32_BIT_CONVERSION = YES;
				GCC_WARN_ABOUT_RETURN_TYPE = YES_ERROR;
				GCC_WARN_UNDECLARED_SELECTOR = YES;
				GCC_WARN_UNINITIALIZED_AUTOS = YES_AGGRESSIVE;
				GCC_WARN_UNUSED_FUNCTION = YES;
				GCC_WARN_UNUSED_VARIABLE = YES;
				MACOSX_DEPLOYMENT_TARGET = 12.0;
				MTL_ENABLE_DEBUG_INFO = NO;
				MTL_FAST_MATH = YES;
				SDKROOT = macosx;
				SWIFT_COMPILATION_MODE = wholemodule;
				SWIFT_OPTIMIZATION_LEVEL = "-O";
			};
			name = Release;
		};
		03D7F5F128D55730000A2B4A /* Debug */ = {
			isa = XCBuildConfiguration;
			buildSettings = {
				CLANG_ENABLE_MODULES = YES;
				CODE_SIGN_STYLE = Automatic;
				DEVELOPMENT_TEAM = NMC6ZX3X68;
				ENABLE_HARDENED_RUNTIME = YES;
				LD_RUNPATH_SEARCH_PATHS = (
					"$(inherited)",
					"@executable_path/../Frameworks",
					"@loader_path/../Frameworks",
				);
				PRODUCT_NAME = "$(TARGET_NAME)";
				SWIFT_OPTIMIZATION_LEVEL = "-Onone";
				SWIFT_VERSION = 5.0;
			};
			name = Debug;
		};
		03D7F5F228D55730000A2B4A /* Release */ = {
			isa = XCBuildConfiguration;
			buildSettings = {
				CLANG_ENABLE_MODULES = YES;
				CODE_SIGN_STYLE = Automatic;
				DEVELOPMENT_TEAM = NMC6ZX3X68;
				ENABLE_HARDENED_RUNTIME = YES;
				LD_RUNPATH_SEARCH_PATHS = (
					"$(inherited)",
					"@executable_path/../Frameworks",
					"@loader_path/../Frameworks",
				);
				PRODUCT_NAME = "$(TARGET_NAME)";
				SWIFT_VERSION = 5.0;
			};
			name = Release;
		};
/* End XCBuildConfiguration section */

/* Begin XCConfigurationList section */
		03D7F5E428D55730000A2B4A /* Build configuration list for PBXProject "algorithm-study" */ = {
			isa = XCConfigurationList;
			buildConfigurations = (
				03D7F5EE28D55730000A2B4A /* Debug */,
				03D7F5EF28D55730000A2B4A /* Release */,
			);
			defaultConfigurationIsVisible = 0;
			defaultConfigurationName = Release;
		};
		03D7F5F028D55730000A2B4A /* Build configuration list for PBXNativeTarget "algorithm-study" */ = {
			isa = XCConfigurationList;
			buildConfigurations = (
				03D7F5F128D55730000A2B4A /* Debug */,
				03D7F5F228D55730000A2B4A /* Release */,
			);
			defaultConfigurationIsVisible = 0;
			defaultConfigurationName = Release;
		};
/* End XCConfigurationList section */
	};
	rootObject = 03D7F5E128D55730000A2B4A /* Project object */;
}
